
Microsoft Visual Studio Solution File, Format Version 12.00
# Visual Studio Version 16
VisualStudioVersion = 16.0.30804.86
MinimumVisualStudioVersion = 10.0.40219.1
Project("{9A19103F-16F7-4668-BE54-9A1E7A4F7556}") = "ConstructionLine.CodingChallenge.Tests.Unit", "ConstructionLine.CodingChallenge.Tests.Unit\ConstructionLine.CodingChallenge.Tests.Unit.csproj", "{F4FB1EE4-AD05-47CB-BF1A-EE8ADEE75BA6}"
EndProject
Project("{9A19103F-16F7-4668-BE54-9A1E7A4F7556}") = "ConstructionLine.CodingChallenge", "ConstructionLine.CodingChallenge\ConstructionLine.CodingChallenge.csproj", "{99D75B27-2A68-4ECA-AB37-8DA530E8E3F2}"
EndProject
Project("{9A19103F-16F7-4668-BE54-9A1E7A4F7556}") = "ConstructionLine.CodingChallenge.Tests.Acceptance", "ConstructionLine.CodingChallenge.Tests.Acceptance\ConstructionLine.CodingChallenge.Tests.Acceptance.csproj", "{D2321A0D-82CA-4CC9-9237-4DBC68F2F461}"
EndProject
Project("{2150E333-8FDC-42A3-9474-1A3956D46DE8}") = "Solution Items", "Solution Items", "{917C8D6F-2D17-47C9-B3EE-2E271287A698}"
	ProjectSection(SolutionItems) = preProject
		README.md = README.md
	EndProjectSection
EndProject
Global
	GlobalSection(SolutionConfigurationPlatforms) = preSolution
		Debug|Any CPU = Debug|Any CPU
		Release|Any CPU = Release|Any CPU
	EndGlobalSection
	GlobalSection(ProjectConfigurationPlatforms) = postSolution
		{F4FB1EE4-AD05-47CB-BF1A-EE8ADEE75BA6}.Debug|Any CPU.ActiveCfg = Debug|Any CPU
		{F4FB1EE4-AD05-47CB-BF1A-EE8ADEE75BA6}.Debug|Any CPU.Build.0 = Debug|Any CPU
		{F4FB1EE4-AD05-47CB-BF1A-EE8ADEE75BA6}.Release|Any CPU.ActiveCfg = Release|Any CPU
		{F4FB1EE4-AD05-47CB-BF1A-EE8ADEE75BA6}.Release|Any CPU.Build.0 = Release|Any CPU
		{99D75B27-2A68-4ECA-AB37-8DA530E8E3F2}.Debug|Any CPU.ActiveCfg = Debug|Any CPU
		{99D75B27-2A68-4ECA-AB37-8DA530E8E3F2}.Debug|Any CPU.Build.0 = Debug|Any CPU
		{99D75B27-2A68-4ECA-AB37-8DA530E8E3F2}.Release|Any CPU.ActiveCfg = Release|Any CPU
		{99D75B27-2A68-4ECA-AB37-8DA530E8E3F2}.Release|Any CPU.Build.0 = Release|Any CPU
		{D2321A0D-82CA-4CC9-9237-4DBC68F2F461}.Debug|Any CPU.ActiveCfg = Debug|Any CPU
		{D2321A0D-82CA-4CC9-9237-4DBC68F2F461}.Debug|Any CPU.Build.0 = Debug|Any CPU
		{D2321A0D-82CA-4CC9-9237-4DBC68F2F461}.Release|Any CPU.ActiveCfg = Release|Any CPU
		{D2321A0D-82CA-4CC9-9237-4DBC68F2F461}.Release|Any CPU.Build.0 = Release|Any CPU
	EndGlobalSection
	GlobalSection(SolutionProperties) = preSolution
		HideSolutionNode = FALSE
	EndGlobalSection
	GlobalSection(ExtensibilityGlobals) = postSolution
		SolutionGuid = {98756E45-D36B-40B4-853D-3201B00720D6}
	EndGlobalSection
EndGlobal
